
Microsoft Visual Studio Solution File, Format Version 12.00
# Visual Studio Version 17
VisualStudioVersion = 17.4.33205.214
MinimumVisualStudioVersion = 10.0.40219.1
Project("{9A19103F-16F7-4668-BE54-9A1E7A4F7556}") = "ConsoleClient", "ConsoleClient\ConsoleClient.csproj", "{9F9CF743-BC65-4B82-99C3-E697C1D3CDB6}"
EndProject
Project("{9A19103F-16F7-4668-BE54-9A1E7A4F7556}") = "School.API", "School.API\School.API.csproj", "{6A5CE90F-3588-47DC-9E9C-8D8272C93BCB}"
EndProject
Project("{2150E333-8FDC-42A3-9474-1A3956D46DE8}") = "Solution Items", "Solution Items", "{EB784D64-6F3D-4683-9117-D0D6693C303E}"
EndProject
Project("{FAE04EC0-301F-11D3-BF4B-00C04F79EFBC}") = "School.UI", "School.UI\School.UI.csproj", "{84ED7651-E131-419C-B741-B4D31A1AF204}"
EndProject
Global
	GlobalSection(SolutionConfigurationPlatforms) = preSolution
		Debug|Any CPU = Debug|Any CPU
		Release|Any CPU = Release|Any CPU
	EndGlobalSection
	GlobalSection(ProjectConfigurationPlatforms) = postSolution
		{9F9CF743-BC65-4B82-99C3-E697C1D3CDB6}.Debug|Any CPU.ActiveCfg = Debug|Any CPU
		{9F9CF743-BC65-4B82-99C3-E697C1D3CDB6}.Debug|Any CPU.Build.0 = Debug|Any CPU
		{9F9CF743-BC65-4B82-99C3-E697C1D3CDB6}.Release|Any CPU.ActiveCfg = Release|Any CPU
		{9F9CF743-BC65-4B82-99C3-E697C1D3CDB6}.Release|Any CPU.Build.0 = Release|Any CPU
		{6A5CE90F-3588-47DC-9E9C-8D8272C93BCB}.Debug|Any CPU.ActiveCfg = Debug|Any CPU
		{6A5CE90F-3588-47DC-9E9C-8D8272C93BCB}.Debug|Any CPU.Build.0 = Debug|Any CPU
		{6A5CE90F-3588-47DC-9E9C-8D8272C93BCB}.Release|Any CPU.ActiveCfg = Release|Any CPU
		{6A5CE90F-3588-47DC-9E9C-8D8272C93BCB}.Release|Any CPU.Build.0 = Release|Any CPU
		{84ED7651-E131-419C-B741-B4D31A1AF204}.Debug|Any CPU.ActiveCfg = Debug|Any CPU
		{84ED7651-E131-419C-B741-B4D31A1AF204}.Debug|Any CPU.Build.0 = Debug|Any CPU
		{84ED7651-E131-419C-B741-B4D31A1AF204}.Release|Any CPU.ActiveCfg = Release|Any CPU
		{84ED7651-E131-419C-B741-B4D31A1AF204}.Release|Any CPU.Build.0 = Release|Any CPU
	EndGlobalSection
	GlobalSection(SolutionProperties) = preSolution
		HideSolutionNode = FALSE
	EndGlobalSection
	GlobalSection(ExtensibilityGlobals) = postSolution
		SolutionGuid = {73905C5A-62D2-4942-95CA-6CA2646896F3}
	EndGlobalSection
EndGlobal
